
Microsoft Visual Studio Solution File, Format Version 12.00
# Visual Studio Version 17
VisualStudioVersion = 17.11.35208.52
MinimumVisualStudioVersion = 10.0.40219.1
Project("{FAE04EC0-301F-11D3-BF4B-00C04F79EFBC}") = "BadmintonBlast", "BadmintonBlast\BadmintonBlast.csproj", "{8841286D-3416-4109-9814-7B5E5C8DCEBC}"
EndProject
Global
	GlobalSection(SolutionConfigurationPlatforms) = preSolution
		Debug|Any CPU = Debug|Any CPU
		Release|Any CPU = Release|Any CPU
	EndGlobalSection
	GlobalSection(ProjectConfigurationPlatforms) = postSolution
		{8841286D-3416-4109-9814-7B5E5C8DCEBC}.Debug|Any CPU.ActiveCfg = Debug|Any CPU
		{8841286D-3416-4109-9814-7B5E5C8DCEBC}.Debug|Any CPU.Build.0 = Debug|Any CPU
		{8841286D-3416-4109-9814-7B5E5C8DCEBC}.Release|Any CPU.ActiveCfg = Release|Any CPU
		{8841286D-3416-4109-9814-7B5E5C8DCEBC}.Release|Any CPU.Build.0 = Release|Any CPU
	EndGlobalSection
	GlobalSection(SolutionProperties) = preSolution
		HideSolutionNode = FALSE
	EndGlobalSection
	GlobalSection(ExtensibilityGlobals) = postSolution
		SolutionGuid = {B09ACBFF-B033-4F7C-8D54-002A84BD8A94}
	EndGlobalSection
EndGlobal
